{
  "name": "@torchui/solid",
  "version": "0.1.0-beta.0",
  "lockfileVersion": 3,
  "requires": true,
  "packages": {
    "": {
      "name": "@torchui/solid",
      "version": "0.1.0-beta.0",
      "license": "MIT",
      "dependencies": {
        "@kobalte/core": "^0.13.11",
        "@thisbeyond/solid-dnd": "^0.7.5",
        "chart.js": "^4.5.1",
        "clsx": "^2.1.1",
        "lucide-solid": "^0.563.0",
        "prismjs": "^1.30.0",
        "tailwind-merge": "^3.3.1"
      },
      "devDependencies": {
        "@types/prismjs": "^1.26.6",
        "solid-js": "^1.9.11",
        "typescript": "^5.9.3"
      },
      "peerDependencies": {
        "solid-js": "^1.9.0"
      }
    },
    "node_modules/@corvu/utils": {
      "version": "0.4.2",
      "resolved": "https://registry.npmjs.org/@corvu/utils/-/utils-0.4.2.tgz",
      "integrity": "sha512-Ox2kYyxy7NoXdKWdHeDEjZxClwzO4SKM8plAaVwmAJPxHMqA0rLOoAsa+hBDwRLpctf+ZRnAd/ykguuJidnaTA==",
      "license": "MIT",
      "dependencies": {
        "@floating-ui/dom": "^1.6.11"
      },
      "peerDependencies": {
        "solid-js": "^1.8"
      }
    },
    "node_modules/@floating-ui/core": {
      "version": "1.7.4",
      "resolved": "https://registry.npmjs.org/@floating-ui/core/-/core-1.7.4.tgz",
      "integrity": "sha512-C3HlIdsBxszvm5McXlB8PeOEWfBhcGBTZGkGlWc2U0KFY5IwG5OQEuQ8rq52DZmcHDlPLd+YFBK+cZcytwIFWg==",
      "license": "MIT",
      "dependencies": {
        "@floating-ui/utils": "^0.2.10"
      }
    },
    "node_modules/@floating-ui/dom": {
      "version": "1.7.5",
      "resolved": "https://registry.npmjs.org/@floating-ui/dom/-/dom-1.7.5.tgz",
      "integrity": "sha512-N0bD2kIPInNHUHehXhMke1rBGs1dwqvC9O9KYMyyjK7iXt7GAhnro7UlcuYcGdS/yYOlq0MAVgrow8IbWJwyqg==",
      "license": "MIT",
      "dependencies": {
        "@floating-ui/core": "^1.7.4",
        "@floating-ui/utils": "^0.2.10"
      }
    },
    "node_modules/@floating-ui/utils": {
      "version": "0.2.10",
      "resolved": "https://registry.npmjs.org/@floating-ui/utils/-/utils-0.2.10.tgz",
      "integrity": "sha512-aGTxbpbg8/b5JfU1HXSrbH3wXZuLPJcNEcZQFMxLs3oSzgtVu6nFPkbbGGUvBcUjKV2YyB9Wxxabo+HEH9tcRQ==",
      "license": "MIT"
    },
    "node_modules/@internationalized/date": {
      "version": "3.11.0",
      "resolved": "https://registry.npmjs.org/@internationalized/date/-/date-3.11.0.tgz",
      "integrity": "sha512-BOx5huLAWhicM9/ZFs84CzP+V3gBW6vlpM02yzsdYC7TGlZJX1OJiEEHcSayF00Z+3jLlm4w79amvSt6RqKN3Q==",
      "license": "Apache-2.0",
      "dependencies": {
        "@swc/helpers": "^0.5.0"
      }
    },
    "node_modules/@internationalized/number": {
      "version": "3.6.5",
      "resolved": "https://registry.npmjs.org/@internationalized/number/-/number-3.6.5.tgz",
      "integrity": "sha512-6hY4Kl4HPBvtfS62asS/R22JzNNy8vi/Ssev7x6EobfCp+9QIB2hKvI2EtbdJ0VSQacxVNtqhE/NmF/NZ0gm6g==",
      "license": "Apache-2.0",
      "dependencies": {
        "@swc/helpers": "^0.5.0"
      }
    },
    "node_modules/@kobalte/core": {
      "version": "0.13.11",
      "resolved": "https://registry.npmjs.org/@kobalte/core/-/core-0.13.11.tgz",
      "integrity": "sha512-hK7TYpdib/XDb/r/4XDBFaO9O+3ZHz4ZWryV4/3BfES+tSQVgg2IJupDnztKXB0BqbSRy/aWlHKw1SPtNPYCFQ==",
      "license": "MIT",
      "dependencies": {
        "@floating-ui/dom": "^1.5.1",
        "@internationalized/date": "^3.4.0",
        "@internationalized/number": "^3.2.1",
        "@kobalte/utils": "^0.9.1",
        "@solid-primitives/props": "^3.1.8",
        "@solid-primitives/resize-observer": "^2.0.26",
        "solid-presence": "^0.1.8",
        "solid-prevent-scroll": "^0.1.4"
      },
      "peerDependencies": {
        "solid-js": "^1.8.15"
      }
    },
    "node_modules/@kobalte/utils": {
      "version": "0.9.1",
      "resolved": "https://registry.npmjs.org/@kobalte/utils/-/utils-0.9.1.tgz",
      "integrity": "sha512-eeU60A3kprIiBDAfv9gUJX1tXGLuZiKMajUfSQURAF2pk4ZoMYiqIzmrMBvzcxP39xnYttgTyQEVLwiTZnrV4w==",
      "license": "MIT",
      "dependencies": {
        "@solid-primitives/event-listener": "^2.2.14",
        "@solid-primitives/keyed": "^1.2.0",
        "@solid-primitives/map": "^0.4.7",
        "@solid-primitives/media": "^2.2.4",
        "@solid-primitives/props": "^3.1.8",
        "@solid-primitives/refs": "^1.0.5",
        "@solid-primitives/utils": "^6.2.1"
      },
      "peerDependencies": {
        "solid-js": "^1.8.8"
      }
    },
    "node_modules/@kurkle/color": {
      "version": "0.3.4",
      "resolved": "https://registry.npmjs.org/@kurkle/color/-/color-0.3.4.tgz",
      "integrity": "sha512-M5UknZPHRu3DEDWoipU6sE8PdkZ6Z/S+v4dD+Ke8IaNlpdSQah50lz1KtcFBa2vsdOnwbbnxJwVM4wty6udA5w==",
      "license": "MIT"
    },
    "node_modules/@solid-primitives/event-listener": {
      "version": "2.4.5",
      "resolved": "https://registry.npmjs.org/@solid-primitives/event-listener/-/event-listener-2.4.5.tgz",
      "integrity": "sha512-nwRV558mIabl4yVAhZKY8cb6G+O1F0M6Z75ttTu5hk+SxdOnKSGj+eetDIu7Oax1P138ZdUU01qnBPR8rnxaEA==",
      "license": "MIT",
      "dependencies": {
        "@solid-primitives/utils": "^6.4.0"
      },
      "peerDependencies": {
        "solid-js": "^1.6.12"
      }
    },
    "node_modules/@solid-primitives/keyed": {
      "version": "1.5.3",
      "resolved": "https://registry.npmjs.org/@solid-primitives/keyed/-/keyed-1.5.3.tgz",
      "integrity": "sha512-zNadtyYBhJSOjXtogkGHmRxjGdz9KHc8sGGVAGlUABkE8BED2tbIZoxkwSqzOwde8OcUEH0bb5DLZUWIMvyBSA==",
      "license": "MIT",
      "peerDependencies": {
        "solid-js": "^1.6.12"
      }
    },
    "node_modules/@solid-primitives/map": {
      "version": "0.4.13",
      "resolved": "https://registry.npmjs.org/@solid-primitives/map/-/map-0.4.13.tgz",
      "integrity": "sha512-B1zyFbsiTQvqPr+cuPCXO72sRuczG9Swncqk5P74NCGw1VE8qa/Ry9GlfI1e/VdeQYHjan+XkbE3rO2GW/qKew==",
      "license": "MIT",
      "dependencies": {
        "@solid-primitives/trigger": "^1.1.0"
      },
      "peerDependencies": {
        "solid-js": "^1.6.12"
      }
    },
    "node_modules/@solid-primitives/media": {
      "version": "2.3.5",
      "resolved": "https://registry.npmjs.org/@solid-primitives/media/-/media-2.3.5.tgz",
      "integrity": "sha512-LX9fB5WDaK87FMDtUB1qokBOfT2et9Uobv/zZaKLH9caFSz4+P70MBKEIBHcZQy+9MV5M2XvGYLTbLskjkzMjA==",
      "license": "MIT",
      "dependencies": {
        "@solid-primitives/event-listener": "^2.4.5",
        "@solid-primitives/rootless": "^1.5.3",
        "@solid-primitives/static-store": "^0.1.3",
        "@solid-primitives/utils": "^6.4.0"
      },
      "peerDependencies": {
        "solid-js": "^1.6.12"
      }
    },
    "node_modules/@solid-primitives/props": {
      "version": "3.2.3",
      "resolved": "https://registry.npmjs.org/@solid-primitives/props/-/props-3.2.3.tgz",
      "integrity": "sha512-XzG6en9gSFwmvbKcATm2BxL63HegZ+BAG5fmHi8jyBppQHcaths7ffz+6vYvwYy3nlgLa20ufJLj7tst+PcHFA==",
      "license": "MIT",
      "dependencies": {
        "@solid-primitives/utils": "^6.4.0"
      },
      "peerDependencies": {
        "solid-js": "^1.6.12"
      }
    },
    "node_modules/@solid-primitives/refs": {
      "version": "1.1.3",
      "resolved": "https://registry.npmjs.org/@solid-primitives/refs/-/refs-1.1.3.tgz",
      "integrity": "sha512-aam02fjNKpBteewF/UliPSQCVJsIIGOLEWQOh+ll6R/QePzBOOBMcC4G+5jTaO75JuUS1d/14Q1YXT3X0Ow6iA==",
      "license": "MIT",
      "dependencies": {
        "@solid-primitives/utils": "^6.4.0"
      },
      "peerDependencies": {
        "solid-js": "^1.6.12"
      }
    },
    "node_modules/@solid-primitives/resize-observer": {
      "version": "2.1.5",
      "resolved": "https://registry.npmjs.org/@solid-primitives/resize-observer/-/resize-observer-2.1.5.tgz",
      "integrity": "sha512-AiyTknKcNBaKHbcSMuxtSNM8FjIuiSuFyFghdD0TcCMU9hKi9EmsC5pjfjDwxE+5EueB1a+T/34PLRI5vbBbKw==",
      "license": "MIT",
      "dependencies": {
        "@solid-primitives/event-listener": "^2.4.5",
        "@solid-primitives/rootless": "^1.5.3",
        "@solid-primitives/static-store": "^0.1.3",
        "@solid-primitives/utils": "^6.4.0"
      },
      "peerDependencies": {
        "solid-js": "^1.6.12"
      }
    },
    "node_modules/@solid-primitives/rootless": {
      "version": "1.5.3",
      "resolved": "https://registry.npmjs.org/@solid-primitives/rootless/-/rootless-1.5.3.tgz",
      "integrity": "sha512-N8cIDAHbWcLahNRLr0knAAQvXyEdEMoAZvIMZKmhNb1mlx9e2UOv9BRD5YNwQUJwbNoYVhhLwFOEOcVXFx0HqA==",
      "license": "MIT",
      "dependencies": {
        "@solid-primitives/utils": "^6.4.0"
      },
      "peerDependencies": {
        "solid-js": "^1.6.12"
      }
    },
    "node_modules/@solid-primitives/static-store": {
      "version": "0.1.3",
      "resolved": "https://registry.npmjs.org/@solid-primitives/static-store/-/static-store-0.1.3.tgz",
      "integrity": "sha512-uxez7SXnr5GiRnzqO2IEDjOJRIXaG+0LZLBizmUA1FwSi+hrpuMzVBwyk70m4prcl8X6FDDXUl9O8hSq8wHbBQ==",
      "license": "MIT",
      "dependencies": {
        "@solid-primitives/utils": "^6.4.0"
      },
      "peerDependencies": {
        "solid-js": "^1.6.12"
      }
    },
    "node_modules/@solid-primitives/trigger": {
      "version": "1.2.3",
      "resolved": "https://registry.npmjs.org/@solid-primitives/trigger/-/trigger-1.2.3.tgz",
      "integrity": "sha512-Za2JebEiDyfamjmDwRaESYqBBYOlgYGzB8kHYH0QrkXyLf2qNADlKdGN+z3vWSLCTDcKxChS43Kssjuc0OZhng==",
      "license": "MIT",
      "dependencies": {
        "@solid-primitives/utils": "^6.4.0"
      },
      "peerDependencies": {
        "solid-js": "^1.6.12"
      }
    },
    "node_modules/@solid-primitives/utils": {
      "version": "6.4.0",
      "resolved": "https://registry.npmjs.org/@solid-primitives/utils/-/utils-6.4.0.tgz",
      "integrity": "sha512-AeGTBg8Wtkh/0s+evyLtP8piQoS4wyqqQaAFs2HJcFMMjYAtUgo+ZPduRXLjPlqKVc2ejeR544oeqpbn8Egn8A==",
      "license": "MIT",
      "peerDependencies": {
        "solid-js": "^1.6.12"
      }
    },
    "node_modules/@swc/helpers": {
      "version": "0.5.19",
      "resolved": "https://registry.npmjs.org/@swc/helpers/-/helpers-0.5.19.tgz",
      "integrity": "sha512-QamiFeIK3txNjgUTNppE6MiG3p7TdninpZu0E0PbqVh1a9FNLT2FRhisaa4NcaX52XVhA5l7Pk58Ft7Sqi/2sA==",
      "license": "Apache-2.0",
      "dependencies": {
        "tslib": "^2.8.0"
      }
    },
    "node_modules/@thisbeyond/solid-dnd": {
      "version": "0.7.5",
      "resolved": "https://registry.npmjs.org/@thisbeyond/solid-dnd/-/solid-dnd-0.7.5.tgz",
      "integrity": "sha512-DfI5ff+yYGpK9M21LhYwIPlbP2msKxN2ARwuu6GF8tT1GgNVDTI8VCQvH4TJFoVApP9d44izmAcTh/iTCH2UUw==",
      "license": "MIT",
      "engines": {
        "node": ">=18.0.0",
        "pnpm": ">=8.6.0"
      },
      "peerDependencies": {
        "solid-js": "^1.5"
      }
    },
    "node_modules/@types/prismjs": {
      "version": "1.26.6",
      "resolved": "https://registry.npmjs.org/@types/prismjs/-/prismjs-1.26.6.tgz",
      "integrity": "sha512-vqlvI7qlMvcCBbVe0AKAb4f97//Hy0EBTaiW8AalRnG/xAN5zOiWWyrNqNXeq8+KAuvRewjCVY1+IPxk4RdNYw==",
      "dev": true,
      "license": "MIT"
    },
    "node_modules/chart.js": {
      "version": "4.5.1",
      "resolved": "https://registry.npmjs.org/chart.js/-/chart.js-4.5.1.tgz",
      "integrity": "sha512-GIjfiT9dbmHRiYi6Nl2yFCq7kkwdkp1W/lp2J99rX0yo9tgJGn3lKQATztIjb5tVtevcBtIdICNWqlq5+E8/Pw==",
      "license": "MIT",
      "dependencies": {
        "@kurkle/color": "^0.3.0"
      },
      "engines": {
        "pnpm": ">=8"
      }
    },
    "node_modules/clsx": {
      "version": "2.1.1",
      "resolved": "https://registry.npmjs.org/clsx/-/clsx-2.1.1.tgz",
      "integrity": "sha512-eYm0QWBtUrBWZWG0d386OGAw16Z995PiOVo2B7bjWSbHedGl5e0ZWaq65kOGgUSNesEIDkB9ISbTg/JK9dhCZA==",
      "license": "MIT",
      "engines": {
        "node": ">=6"
      }
    },
    "node_modules/csstype": {
      "version": "3.2.3",
      "resolved": "https://registry.npmjs.org/csstype/-/csstype-3.2.3.tgz",
      "integrity": "sha512-z1HGKcYy2xA8AGQfwrn0PAy+PB7X/GSj3UVJW9qKyn43xWa+gl5nXmU4qqLMRzWVLFC8KusUX8T/0kCiOYpAIQ==",
      "license": "MIT"
    },
    "node_modules/lucide-solid": {
      "version": "0.563.0",
      "resolved": "https://registry.npmjs.org/lucide-solid/-/lucide-solid-0.563.0.tgz",
      "integrity": "sha512-Ort9I6BaKdarM/e0VwWddcd9tuven/y0wHqfXIPNzPPe3zwXtIZJDjR2UcAj2XBCfx1aHw/SWiLHPvn9O1Fniw==",
      "license": "ISC",
      "peerDependencies": {
        "solid-js": "^1.4.7"
      }
    },
    "node_modules/prismjs": {
      "version": "1.30.0",
      "resolved": "https://registry.npmjs.org/prismjs/-/prismjs-1.30.0.tgz",
      "integrity": "sha512-DEvV2ZF2r2/63V+tK8hQvrR2ZGn10srHbXviTlcv7Kpzw8jWiNTqbVgjO3IY8RxrrOUF8VPMQQFysYYYv0YZxw==",
      "license": "MIT",
      "engines": {
        "node": ">=6"
      }
    },
    "node_modules/seroval": {
      "version": "1.5.0",
      "resolved": "https://registry.npmjs.org/seroval/-/seroval-1.5.0.tgz",
      "integrity": "sha512-OE4cvmJ1uSPrKorFIH9/w/Qwuvi/IMcGbv5RKgcJ/zjA/IohDLU6SVaxFN9FwajbP7nsX0dQqMDes1whk3y+yw==",
      "license": "MIT",
      "engines": {
        "node": ">=10"
      }
    },
    "node_modules/seroval-plugins": {
      "version": "1.5.0",
      "resolved": "https://registry.npmjs.org/seroval-plugins/-/seroval-plugins-1.5.0.tgz",
      "integrity": "sha512-EAHqADIQondwRZIdeW2I636zgsODzoBDwb3PT/+7TLDWyw1Dy/Xv7iGUIEXXav7usHDE9HVhOU61irI3EnyyHA==",
      "license": "MIT",
      "engines": {
        "node": ">=10"
      },
      "peerDependencies": {
        "seroval": "^1.0"
      }
    },
    "node_modules/solid-js": {
      "version": "1.9.11",
      "resolved": "https://registry.npmjs.org/solid-js/-/solid-js-1.9.11.tgz",
      "integrity": "sha512-WEJtcc5mkh/BnHA6Yrg4whlF8g6QwpmXXRg4P2ztPmcKeHHlH4+djYecBLhSpecZY2RRECXYUwIc/C2r3yzQ4Q==",
      "license": "MIT",
      "dependencies": {
        "csstype": "^3.1.0",
        "seroval": "~1.5.0",
        "seroval-plugins": "~1.5.0"
      }
    },
    "node_modules/solid-presence": {
      "version": "0.1.8",
      "resolved": "https://registry.npmjs.org/solid-presence/-/solid-presence-0.1.8.tgz",
      "integrity": "sha512-pWGtXUFWYYUZNbg5YpG5vkQJyOtzn2KXhxYaMx/4I+lylTLYkITOLevaCwMRN+liCVk0pqB6EayLWojNqBFECA==",
      "license": "MIT",
      "dependencies": {
        "@corvu/utils": "~0.4.0"
      },
      "peerDependencies": {
        "solid-js": "^1.8"
      }
    },
    "node_modules/solid-prevent-scroll": {
      "version": "0.1.10",
      "resolved": "https://registry.npmjs.org/solid-prevent-scroll/-/solid-prevent-scroll-0.1.10.tgz",
      "integrity": "sha512-KplGPX2GHiWJLZ6AXYRql4M127PdYzfwvLJJXMkO+CMb8Np4VxqDAg5S8jLdwlEuBis/ia9DKw2M8dFx5u8Mhw==",
      "license": "MIT",
      "dependencies": {
        "@corvu/utils": "~0.4.1"
      },
      "peerDependencies": {
        "solid-js": "^1.8"
      }
    },
    "node_modules/tailwind-merge": {
      "version": "3.5.0",
      "resolved": "https://registry.npmjs.org/tailwind-merge/-/tailwind-merge-3.5.0.tgz",
      "integrity": "sha512-I8K9wewnVDkL1NTGoqWmVEIlUcB9gFriAEkXkfCjX5ib8ezGxtR3xD7iZIxrfArjEsH7F1CHD4RFUtxefdqV/A==",
      "license": "MIT",
      "funding": {
        "type": "github",
        "url": "https://github.com/sponsors/dcastil"
      }
    },
    "node_modules/tslib": {
      "version": "2.8.1",
      "resolved": "https://registry.npmjs.org/tslib/-/tslib-2.8.1.tgz",
      "integrity": "sha512-oJFu94HQb+KVduSUQL7wnpmqnfmLsOA/nAh6b6EH0wCEoK0/mPeXU6c3wKDV83MkOuHPRHtSXKKU99IBazS/2w==",
      "license": "0BSD"
    },
    "node_modules/typescript": {
      "version": "5.9.3",
      "resolved": "https://registry.npmjs.org/typescript/-/typescript-5.9.3.tgz",
      "integrity": "sha512-jl1vZzPDinLr9eUt3J/t7V6FgNEw9QjvBPdysz9KfQDD41fQrC2Y4vKQdiaUpFT4bXlb1RHhLpp8wtm6M5TgSw==",
      "dev": true,
      "license": "Apache-2.0",
      "bin": {
        "tsc": "bin/tsc",
        "tsserver": "bin/tsserver"
      },
      "engines": {
        "node": ">=14.17"
      }
    }
  }
}
